
Microsoft Visual Studio Solution File, Format Version 12.00
# Visual Studio Version 17
VisualStudioVersion = 17.11.35303.130
MinimumVisualStudioVersion = 10.0.40219.1
Project("{FAE04EC0-301F-11D3-BF4B-00C04F79EFBC}") = "Saloon Management", "Saloon Management\Saloon Management.csproj", "{63802D2D-8C97-4D61-96A5-7B324B2C963A}"
EndProject
Global
	GlobalSection(SolutionConfigurationPlatforms) = preSolution
		Debug|Any CPU = Debug|Any CPU
		Release|Any CPU = Release|Any CPU
	EndGlobalSection
	GlobalSection(ProjectConfigurationPlatforms) = postSolution
		{63802D2D-8C97-4D61-96A5-7B324B2C963A}.Debug|Any CPU.ActiveCfg = Debug|Any CPU
		{63802D2D-8C97-4D61-96A5-7B324B2C963A}.Debug|Any CPU.Build.0 = Debug|Any CPU
		{63802D2D-8C97-4D61-96A5-7B324B2C963A}.Release|Any CPU.ActiveCfg = Release|Any CPU
		{63802D2D-8C97-4D61-96A5-7B324B2C963A}.Release|Any CPU.Build.0 = Release|Any CPU
	EndGlobalSection
	GlobalSection(SolutionProperties) = preSolution
		HideSolutionNode = FALSE
	EndGlobalSection
	GlobalSection(ExtensibilityGlobals) = postSolution
		SolutionGuid = {1F31581B-A93A-43F4-8810-8A832D5BEE21}
	EndGlobalSection
EndGlobal
